
Microsoft Visual Studio Solution File, Format Version 12.00
# Visual Studio Version 17
VisualStudioVersion = 17.10.35013.160
MinimumVisualStudioVersion = 10.0.40219.1
Project("{FAE04EC0-301F-11D3-BF4B-00C04F79EFBC}") = "ElibraryApp.Web", "ElibraryApp.Web\ElibraryApp.Web.csproj", "{755CE9A4-0B35-412E-978B-5AE0D70517A9}"
EndProject
Global
	GlobalSection(SolutionConfigurationPlatforms) = preSolution
		Debug|Any CPU = Debug|Any CPU
		Release|Any CPU = Release|Any CPU
	EndGlobalSection
	GlobalSection(ProjectConfigurationPlatforms) = postSolution
		{755CE9A4-0B35-412E-978B-5AE0D70517A9}.Debug|Any CPU.ActiveCfg = Debug|Any CPU
		{755CE9A4-0B35-412E-978B-5AE0D70517A9}.Debug|Any CPU.Build.0 = Debug|Any CPU
		{755CE9A4-0B35-412E-978B-5AE0D70517A9}.Release|Any CPU.ActiveCfg = Release|Any CPU
		{755CE9A4-0B35-412E-978B-5AE0D70517A9}.Release|Any CPU.Build.0 = Release|Any CPU
	EndGlobalSection
	GlobalSection(SolutionProperties) = preSolution
		HideSolutionNode = FALSE
	EndGlobalSection
	GlobalSection(ExtensibilityGlobals) = postSolution
		SolutionGuid = {10031CA2-3E61-4455-837E-F62B348F4B52}
	EndGlobalSection
EndGlobal
